# This file is automatically @generated by Cargo.
# It is not intended for manual editing.
[[package]]
name = "autocfg"
version = "0.1.4"
source = "registry+https://github.com/rust-lang/crates.io-index"

[[package]]
name = "num-complex"
version = "0.2.1"
source = "registry+https://github.com/rust-lang/crates.io-index"
dependencies = [
 "num-traits 0.2.8 (registry+https://github.com/rust-lang/crates.io-index)",
]

[[package]]
name = "num-integer"
version = "0.1.41"
source = "registry+https://github.com/rust-lang/crates.io-index"
dependencies = [
 "autocfg 0.1.4 (registry+https://github.com/rust-lang/crates.io-index)",
 "num-traits 0.2.8 (registry+https://github.com/rust-lang/crates.io-index)",
]

[[package]]
name = "num-traits"
version = "0.2.8"
source = "registry+https://github.com/rust-lang/crates.io-index"
dependencies = [
 "autocfg 0.1.4 (registry+https://github.com/rust-lang/crates.io-index)",
]

[[package]]
name = "rustfft"
version = "3.0.0"
source = "registry+https://github.com/rust-lang/crates.io-index"
dependencies = [
 "num-complex 0.2.1 (registry+https://github.com/rust-lang/crates.io-index)",
 "num-integer 0.1.41 (registry+https://github.com/rust-lang/crates.io-index)",
 "num-traits 0.2.8 (registry+https://github.com/rust-lang/crates.io-index)",
 "strength_reduce 0.2.1 (registry+https://github.com/rust-lang/crates.io-index)",
 "transpose 0.1.0 (registry+https://github.com/rust-lang/crates.io-index)",
]

[[package]]
name = "strength_reduce"
version = "0.2.1"
source = "registry+https://github.com/rust-lang/crates.io-index"

[[package]]
name = "transpose"
version = "0.1.0"
source = "registry+https://github.com/rust-lang/crates.io-index"

[[package]]
name = "verifier"
version = "0.1.0"
dependencies = [
 "rustfft 3.0.0 (registry+https://github.com/rust-lang/crates.io-index)",
]

[metadata]
"checksum autocfg 0.1.4 (registry+https://github.com/rust-lang/crates.io-index)" = "0e49efa51329a5fd37e7c79db4621af617cd4e3e5bc224939808d076077077bf"
"checksum num-complex 0.2.1 (registry+https://github.com/rust-lang/crates.io-index)" = "107b9be86cd2481930688277b675b0114578227f034674726605b8a482d8baf8"
"checksum num-integer 0.1.41 (registry+https://github.com/rust-lang/crates.io-index)" = "b85e541ef8255f6cf42bbfe4ef361305c6c135d10919ecc26126c4e5ae94bc09"
"checksum num-traits 0.2.8 (registry+https://github.com/rust-lang/crates.io-index)" = "6ba9a427cfca2be13aa6f6403b0b7e7368fe982bfa16fccc450ce74c46cd9b32"
"checksum rustfft 3.0.0 (registry+https://github.com/rust-lang/crates.io-index)" = "9c86a9dc178e87c7933f6e79bb93fa26c27548d551ab022b7f24ee2117aa4cb3"
"checksum strength_reduce 0.2.1 (registry+https://github.com/rust-lang/crates.io-index)" = "a2c75312b4c67dfa864c7cb987133c930c9f18829fb918ce5d9bca4a0532ec72"
"checksum transpose 0.1.0 (registry+https://github.com/rust-lang/crates.io-index)" = "643e21580bb0627c7bb09e5cedbb42c8705b19d012de593ed6b0309270b3cd1e"
